
Microsoft Visual Studio Solution File, Format Version 12.00
# Visual Studio Version 17
VisualStudioVersion = 17.7.34221.43
MinimumVisualStudioVersion = 10.0.40219.1
Project("{FAE04EC0-301F-11D3-BF4B-00C04F79EFBC}") = "SkillsExtended.Common", "SkillsExtended.Common\SkillsExtended.Common.csproj", "{05BD6AA3-CDDF-42E4-B9FC-A000F414328E}"
EndProject
Project("{2150E333-8FDC-42A3-9474-1A3956D46DE8}") = "Client", "Client", "{75E56247-CCE0-4F47-9B48-B83F47E4FBB6}"
EndProject
Project("{2150E333-8FDC-42A3-9474-1A3956D46DE8}") = "Server", "Server", "{5932876A-65B6-4105-BFF6-380AE000C978}"
EndProject
Project("{FAE04EC0-301F-11D3-BF4B-00C04F79EFBC}") = "SkillsExtended.Client.Skills", "Client\SkillsExtended.Client.Skills\SkillsExtended.Client.Skills.csproj", "{A774206B-C595-4A4B-81C8-E63E228B107D}"
EndProject
Project("{FAE04EC0-301F-11D3-BF4B-00C04F79EFBC}") = "SkillsExtended.Server", "Server\SkillsExtended.Server\SkillsExtended.Server.csproj", "{A7DBF0BC-D610-492A-8D32-11D114797D83}"
EndProject
Project("{FAE04EC0-301F-11D3-BF4B-00C04F79EFBC}") = "SkillsExtended.Client.Fika", "Client\SkillsExtended.Client.Fika\SkillsExtended.Client.Fika.csproj", "{6603B22E-9B32-4B50-A6EF-2E5C86FADB64}"
EndProject
Project("{FAE04EC0-301F-11D3-BF4B-00C04F79EFBC}") = "SkillsExtended.Client.Prepatch", "Client\SkillsExtended.Client.Prepatch\SkillsExtended.Client.Prepatch.csproj", "{7DE78CE9-92C8-4216-8E64-EBF0E52E64FC}"
EndProject
Project("{FAE04EC0-301F-11D3-BF4B-00C04F79EFBC}") = "SkillsExtended.Client.API", "Client\SkillsExtended.Client.API\SkillsExtended.Client.API.csproj", "{41D85AA3-8817-4273-92C3-4753ED6626D2}"
EndProject
Global
	GlobalSection(SolutionConfigurationPlatforms) = preSolution
		BETA|Any CPU = BETA|Any CPU
		Debug|Any CPU = Debug|Any CPU
		Release|Any CPU = Release|Any CPU
	EndGlobalSection
	GlobalSection(ProjectConfigurationPlatforms) = postSolution
		{05BD6AA3-CDDF-42E4-B9FC-A000F414328E}.BETA|Any CPU.ActiveCfg = Debug|Any CPU
		{05BD6AA3-CDDF-42E4-B9FC-A000F414328E}.BETA|Any CPU.Build.0 = Debug|Any CPU
		{05BD6AA3-CDDF-42E4-B9FC-A000F414328E}.Debug|Any CPU.ActiveCfg = Debug|Any CPU
		{05BD6AA3-CDDF-42E4-B9FC-A000F414328E}.Debug|Any CPU.Build.0 = Debug|Any CPU
		{05BD6AA3-CDDF-42E4-B9FC-A000F414328E}.Release|Any CPU.ActiveCfg = Release|Any CPU
		{05BD6AA3-CDDF-42E4-B9FC-A000F414328E}.Release|Any CPU.Build.0 = Release|Any CPU
		{A774206B-C595-4A4B-81C8-E63E228B107D}.BETA|Any CPU.ActiveCfg = BETA|Any CPU
		{A774206B-C595-4A4B-81C8-E63E228B107D}.BETA|Any CPU.Build.0 = BETA|Any CPU
		{A774206B-C595-4A4B-81C8-E63E228B107D}.Debug|Any CPU.ActiveCfg = Debug|Any CPU
		{A774206B-C595-4A4B-81C8-E63E228B107D}.Debug|Any CPU.Build.0 = Debug|Any CPU
		{A774206B-C595-4A4B-81C8-E63E228B107D}.Release|Any CPU.ActiveCfg = Release|Any CPU
		{A774206B-C595-4A4B-81C8-E63E228B107D}.Release|Any CPU.Build.0 = Release|Any CPU
		{A7DBF0BC-D610-492A-8D32-11D114797D83}.BETA|Any CPU.ActiveCfg = Debug|Any CPU
		{A7DBF0BC-D610-492A-8D32-11D114797D83}.BETA|Any CPU.Build.0 = Debug|Any CPU
		{A7DBF0BC-D610-492A-8D32-11D114797D83}.Debug|Any CPU.ActiveCfg = Debug|Any CPU
		{A7DBF0BC-D610-492A-8D32-11D114797D83}.Debug|Any CPU.Build.0 = Debug|Any CPU
		{A7DBF0BC-D610-492A-8D32-11D114797D83}.Release|Any CPU.ActiveCfg = Release|Any CPU
		{A7DBF0BC-D610-492A-8D32-11D114797D83}.Release|Any CPU.Build.0 = Release|Any CPU
		{6603B22E-9B32-4B50-A6EF-2E5C86FADB64}.BETA|Any CPU.ActiveCfg = Debug|Any CPU
		{6603B22E-9B32-4B50-A6EF-2E5C86FADB64}.BETA|Any CPU.Build.0 = Debug|Any CPU
		{6603B22E-9B32-4B50-A6EF-2E5C86FADB64}.Debug|Any CPU.ActiveCfg = Debug|Any CPU
		{6603B22E-9B32-4B50-A6EF-2E5C86FADB64}.Debug|Any CPU.Build.0 = Debug|Any CPU
		{6603B22E-9B32-4B50-A6EF-2E5C86FADB64}.Release|Any CPU.ActiveCfg = Release|Any CPU
		{6603B22E-9B32-4B50-A6EF-2E5C86FADB64}.Release|Any CPU.Build.0 = Release|Any CPU
		{7DE78CE9-92C8-4216-8E64-EBF0E52E64FC}.BETA|Any CPU.ActiveCfg = BETA|Any CPU
		{7DE78CE9-92C8-4216-8E64-EBF0E52E64FC}.BETA|Any CPU.Build.0 = BETA|Any CPU
		{7DE78CE9-92C8-4216-8E64-EBF0E52E64FC}.Debug|Any CPU.ActiveCfg = Debug|Any CPU
		{7DE78CE9-92C8-4216-8E64-EBF0E52E64FC}.Debug|Any CPU.Build.0 = Debug|Any CPU
		{7DE78CE9-92C8-4216-8E64-EBF0E52E64FC}.Release|Any CPU.ActiveCfg = Release|Any CPU
		{7DE78CE9-92C8-4216-8E64-EBF0E52E64FC}.Release|Any CPU.Build.0 = Release|Any CPU
		{41D85AA3-8817-4273-92C3-4753ED6626D2}.BETA|Any CPU.ActiveCfg = Debug|Any CPU
		{41D85AA3-8817-4273-92C3-4753ED6626D2}.BETA|Any CPU.Build.0 = Debug|Any CPU
		{41D85AA3-8817-4273-92C3-4753ED6626D2}.Debug|Any CPU.ActiveCfg = Debug|Any CPU
		{41D85AA3-8817-4273-92C3-4753ED6626D2}.Debug|Any CPU.Build.0 = Debug|Any CPU
		{41D85AA3-8817-4273-92C3-4753ED6626D2}.Release|Any CPU.ActiveCfg = Release|Any CPU
		{41D85AA3-8817-4273-92C3-4753ED6626D2}.Release|Any CPU.Build.0 = Release|Any CPU
	EndGlobalSection
	GlobalSection(SolutionProperties) = preSolution
		HideSolutionNode = FALSE
	EndGlobalSection
	GlobalSection(ExtensibilityGlobals) = postSolution
		SolutionGuid = {1DBB9D4C-E01B-4212-B7AC-3030C8A495D1}
	EndGlobalSection
	GlobalSection(NestedProjects) = preSolution
		{A774206B-C595-4A4B-81C8-E63E228B107D} = {75E56247-CCE0-4F47-9B48-B83F47E4FBB6}
		{A7DBF0BC-D610-492A-8D32-11D114797D83} = {5932876A-65B6-4105-BFF6-380AE000C978}
		{6603B22E-9B32-4B50-A6EF-2E5C86FADB64} = {75E56247-CCE0-4F47-9B48-B83F47E4FBB6}
		{7DE78CE9-92C8-4216-8E64-EBF0E52E64FC} = {75E56247-CCE0-4F47-9B48-B83F47E4FBB6}
		{41D85AA3-8817-4273-92C3-4753ED6626D2} = {75E56247-CCE0-4F47-9B48-B83F47E4FBB6}
	EndGlobalSection
EndGlobal
